
Microsoft Visual Studio Solution File, Format Version 12.00
# Visual Studio 15
VisualStudioVersion = 15.0.26430.6
MinimumVisualStudioVersion = 10.0.40219.1
Project("{FAE04EC0-301F-11D3-BF4B-00C04F79EFBC}") = "Reservation.Core", "Reservation.Core\Reservation.Core.csproj", "{BB4D77DD-2DC3-4A75-BA50-943E51C13B8A}"
EndProject
Project("{FAE04EC0-301F-11D3-BF4B-00C04F79EFBC}") = "Reservation.Infrastructure", "Reservation.Infrastructure\Reservation.Infrastructure.csproj", "{43AE3254-A377-459E-AD2D-D9D6E8E6E124}"
EndProject
Project("{FAE04EC0-301F-11D3-BF4B-00C04F79EFBC}") = "Reservation.Tests", "Reservation.Tests\Reservation.Tests.csproj", "{FCF6A19C-BB9D-44CA-8CED-FE04759E30E6}"
EndProject
Project("{FAE04EC0-301F-11D3-BF4B-00C04F79EFBC}") = "Reservation.Tests.EndToEnd", "Reservation.Tests.EndToEnd\Reservation.Tests.EndToEnd.csproj", "{F73D3414-09B3-46F8-BC8A-F34C68D9E1BE}"
EndProject
Project("{FAE04EC0-301F-11D3-BF4B-00C04F79EFBC}") = "Reservation.Api", "Reservation.Api\Reservation.Api.csproj", "{8D35A9B1-9DA5-4D85-B407-40074942EBFF}"
EndProject
Global
	GlobalSection(SolutionConfigurationPlatforms) = preSolution
		Debug|Any CPU = Debug|Any CPU
		Release|Any CPU = Release|Any CPU
	EndGlobalSection
	GlobalSection(ProjectConfigurationPlatforms) = postSolution
		{BB4D77DD-2DC3-4A75-BA50-943E51C13B8A}.Debug|Any CPU.ActiveCfg = Debug|Any CPU
		{BB4D77DD-2DC3-4A75-BA50-943E51C13B8A}.Debug|Any CPU.Build.0 = Debug|Any CPU
		{BB4D77DD-2DC3-4A75-BA50-943E51C13B8A}.Release|Any CPU.ActiveCfg = Release|Any CPU
		{BB4D77DD-2DC3-4A75-BA50-943E51C13B8A}.Release|Any CPU.Build.0 = Release|Any CPU
		{43AE3254-A377-459E-AD2D-D9D6E8E6E124}.Debug|Any CPU.ActiveCfg = Debug|Any CPU
		{43AE3254-A377-459E-AD2D-D9D6E8E6E124}.Debug|Any CPU.Build.0 = Debug|Any CPU
		{43AE3254-A377-459E-AD2D-D9D6E8E6E124}.Release|Any CPU.ActiveCfg = Release|Any CPU
		{43AE3254-A377-459E-AD2D-D9D6E8E6E124}.Release|Any CPU.Build.0 = Release|Any CPU
		{FCF6A19C-BB9D-44CA-8CED-FE04759E30E6}.Debug|Any CPU.ActiveCfg = Debug|Any CPU
		{FCF6A19C-BB9D-44CA-8CED-FE04759E30E6}.Debug|Any CPU.Build.0 = Debug|Any CPU
		{FCF6A19C-BB9D-44CA-8CED-FE04759E30E6}.Release|Any CPU.ActiveCfg = Release|Any CPU
		{FCF6A19C-BB9D-44CA-8CED-FE04759E30E6}.Release|Any CPU.Build.0 = Release|Any CPU
		{F73D3414-09B3-46F8-BC8A-F34C68D9E1BE}.Debug|Any CPU.ActiveCfg = Debug|Any CPU
		{F73D3414-09B3-46F8-BC8A-F34C68D9E1BE}.Debug|Any CPU.Build.0 = Debug|Any CPU
		{F73D3414-09B3-46F8-BC8A-F34C68D9E1BE}.Release|Any CPU.ActiveCfg = Release|Any CPU
		{F73D3414-09B3-46F8-BC8A-F34C68D9E1BE}.Release|Any CPU.Build.0 = Release|Any CPU
		{8D35A9B1-9DA5-4D85-B407-40074942EBFF}.Debug|Any CPU.ActiveCfg = Debug|Any CPU
		{8D35A9B1-9DA5-4D85-B407-40074942EBFF}.Debug|Any CPU.Build.0 = Debug|Any CPU
		{8D35A9B1-9DA5-4D85-B407-40074942EBFF}.Release|Any CPU.ActiveCfg = Release|Any CPU
		{8D35A9B1-9DA5-4D85-B407-40074942EBFF}.Release|Any CPU.Build.0 = Release|Any CPU
	EndGlobalSection
	GlobalSection(SolutionProperties) = preSolution
		HideSolutionNode = FALSE
	EndGlobalSection
EndGlobal
